// !$*UTF8*$!
{
	archiveVersion = 1;
	classes = {
	};
	objectVersion = 48;
	objects = {

/* Begin PBXBuildFile section */
		40B8504E203CA2E400C82126 /* AppDelegate.swift in Sources */ = {isa = PBXBuildFile; fileRef = 40B8504D203CA2E400C82126 /* AppDelegate.swift */; };
		40B85050203CA2E400C82126 /* AlarmsListViewController.swift in Sources */ = {isa = PBXBuildFile; fileRef = 40B8504F203CA2E400C82126 /* AlarmsListViewController.swift */; };
		40B85053203CA2E400C82126 /* AlarmsListViewController.storyboard in Resources */ = {isa = PBXBuildFile; fileRef = 40B85051203CA2E400C82126 /* AlarmsListViewController.storyboard */; };
		40B85055203CA2E400C82126 /* Assets.xcassets in Resources */ = {isa = PBXBuildFile; fileRef = 40B85054203CA2E400C82126 /* Assets.xcassets */; };
		40B85058203CA2E400C82126 /* LaunchScreen.storyboard in Resources */ = {isa = PBXBuildFile; fileRef = 40B85056203CA2E400C82126 /* LaunchScreen.storyboard */; };
		40B85063203CA2E500C82126 /* HandshakeNetworkHelperTests.swift in Sources */ = {isa = PBXBuildFile; fileRef = 40B85062203CA2E500C82126 /* HandshakeNetworkHelperTests.swift */; };
		40B8506E203CA31200C82126 /* NetworkManager.swift in Sources */ = {isa = PBXBuildFile; fileRef = 40B8506D203CA31200C82126 /* NetworkManager.swift */; };
		40B85070203CA33500C82126 /* HandshakeAlarmService.swift in Sources */ = {isa = PBXBuildFile; fileRef = 40B8506F203CA33500C82126 /* HandshakeAlarmService.swift */; };
		40B85072203CA51900C82126 /* HandshakeNetworkHelper.swift in Sources */ = {isa = PBXBuildFile; fileRef = 40B85071203CA51900C82126 /* HandshakeNetworkHelper.swift */; };
		40B85074203CA76A00C82126 /* Logger.swift in Sources */ = {isa = PBXBuildFile; fileRef = 40B85073203CA76A00C82126 /* Logger.swift */; };
		40B85076203CA7D000C82126 /* HandshakeAlarmStructs.swift in Sources */ = {isa = PBXBuildFile; fileRef = 40B85075203CA7D000C82126 /* HandshakeAlarmStructs.swift */; };
		40B85078203CA85900C82126 /* HandshakeAlarmEncoder.swift in Sources */ = {isa = PBXBuildFile; fileRef = 40B85077203CA85900C82126 /* HandshakeAlarmEncoder.swift */; };
		40B8507B203CB16700C82126 /* Collection+safe.swift in Sources */ = {isa = PBXBuildFile; fileRef = 40B8507A203CB16600C82126 /* Collection+safe.swift */; };
		40B85080203CB19C00C82126 /* AlarmTableViewCell.swift in Sources */ = {isa = PBXBuildFile; fileRef = 40B8507F203CB19C00C82126 /* AlarmTableViewCell.swift */; };
		40B85082203CB1A400C82126 /* AlarmTableViewCell.xib in Resources */ = {isa = PBXBuildFile; fileRef = 40B85081203CB1A400C82126 /* AlarmTableViewCell.xib */; };
		40B85084203CB5A000C82126 /* AlarmsListViewControllerProcessor.swift in Sources */ = {isa = PBXBuildFile; fileRef = 40B85083203CB5A000C82126 /* AlarmsListViewControllerProcessor.swift */; };
		40B85086203CBABE00C82126 /* AlarmsListViewControllerProcessorTests.swift in Sources */ = {isa = PBXBuildFile; fileRef = 40B85085203CBABE00C82126 /* AlarmsListViewControllerProcessorTests.swift */; };
		40B8508A203CBE5C00C82126 /* CreateAlarmViewController.swift in Sources */ = {isa = PBXBuildFile; fileRef = 40B85089203CBE5C00C82126 /* CreateAlarmViewController.swift */; };
		40B8508C203CBE6500C82126 /* CreateAlarmViewController.storyboard in Resources */ = {isa = PBXBuildFile; fileRef = 40B8508B203CBE6500C82126 /* CreateAlarmViewController.storyboard */; };
		40B8508E203CBEFC00C82126 /* UIViewController+create.swift in Sources */ = {isa = PBXBuildFile; fileRef = 40B8508D203CBEFC00C82126 /* UIViewController+create.swift */; };
/* End PBXBuildFile section */

/* Begin PBXContainerItemProxy section */
		40B8505F203CA2E500C82126 /* PBXContainerItemProxy */ = {
			isa = PBXContainerItemProxy;
			containerPortal = 40B85042203CA2E400C82126 /* Project object */;
			proxyType = 1;
			remoteGlobalIDString = 40B85049203CA2E400C82126;
			remoteInfo = AlarmApp;
		};
/* End PBXContainerItemProxy section */

/* Begin PBXFileReference section */
		40B8504A203CA2E400C82126 /* AlarmApp.app */ = {isa = PBXFileReference; explicitFileType = wrapper.application; includeInIndex = 0; path = AlarmApp.app; sourceTree = BUILT_PRODUCTS_DIR; };
		40B8504D203CA2E400C82126 /* AppDelegate.swift */ = {isa = PBXFileReference; lastKnownFileType = sourcecode.swift; path = AppDelegate.swift; sourceTree = "<group>"; };
		40B8504F203CA2E400C82126 /* AlarmsListViewController.swift */ = {isa = PBXFileReference; lastKnownFileType = sourcecode.swift; path = AlarmsListViewController.swift; sourceTree = "<group>"; };
		40B85052203CA2E400C82126 /* Base */ = {isa = PBXFileReference; lastKnownFileType = file.storyboard; name = Base; path = Base.lproj/AlarmsListViewController.storyboard; sourceTree = "<group>"; };
		40B85054203CA2E400C82126 /* Assets.xcassets */ = {isa = PBXFileReference; lastKnownFileType = folder.assetcatalog; path = Assets.xcassets; sourceTree = "<group>"; };
		40B85057203CA2E400C82126 /* Base */ = {isa = PBXFileReference; lastKnownFileType = file.storyboard; name = Base; path = Base.lproj/LaunchScreen.storyboard; sourceTree = "<group>"; };
		40B85059203CA2E400C82126 /* Info.plist */ = {isa = PBXFileReference; lastKnownFileType = text.plist.xml; path = Info.plist; sourceTree = "<group>"; };
		40B8505E203CA2E500C82126 /* AlarmAppTests.xctest */ = {isa = PBXFileReference; explicitFileType = wrapper.cfbundle; includeInIndex = 0; path = AlarmAppTests.xctest; sourceTree = BUILT_PRODUCTS_DIR; };
		40B85062203CA2E500C82126 /* HandshakeNetworkHelperTests.swift */ = {isa = PBXFileReference; lastKnownFileType = sourcecode.swift; path = HandshakeNetworkHelperTests.swift; sourceTree = "<group>"; };
		40B85064203CA2E500C82126 /* Info.plist */ = {isa = PBXFileReference; lastKnownFileType = text.plist.xml; path = Info.plist; sourceTree = "<group>"; };
		40B8506D203CA31200C82126 /* NetworkManager.swift */ = {isa = PBXFileReference; fileEncoding = 4; lastKnownFileType = sourcecode.swift; path = NetworkManager.swift; sourceTree = "<group>"; };
		40B8506F203CA33500C82126 /* HandshakeAlarmService.swift */ = {isa = PBXFileReference; lastKnownFileType = sourcecode.swift; path = HandshakeAlarmService.swift; sourceTree = "<group>"; };
		40B85071203CA51900C82126 /* HandshakeNetworkHelper.swift */ = {isa = PBXFileReference; lastKnownFileType = sourcecode.swift; path = HandshakeNetworkHelper.swift; sourceTree = "<group>"; };
		40B85073203CA76A00C82126 /* Logger.swift */ = {isa = PBXFileReference; fileEncoding = 4; lastKnownFileType = sourcecode.swift; path = Logger.swift; sourceTree = "<group>"; };
		40B85075203CA7D000C82126 /* HandshakeAlarmStructs.swift */ = {isa = PBXFileReference; lastKnownFileType = sourcecode.swift; path = HandshakeAlarmStructs.swift; sourceTree = "<group>"; };
		40B85077203CA85900C82126 /* HandshakeAlarmEncoder.swift */ = {isa = PBXFileReference; lastKnownFileType = sourcecode.swift; path = HandshakeAlarmEncoder.swift; sourceTree = "<group>"; };
		40B8507A203CB16600C82126 /* Collection+safe.swift */ = {isa = PBXFileReference; fileEncoding = 4; lastKnownFileType = sourcecode.swift; path = "Collection+safe.swift"; sourceTree = "<group>"; };
		40B8507F203CB19C00C82126 /* AlarmTableViewCell.swift */ = {isa = PBXFileReference; lastKnownFileType = sourcecode.swift; path = AlarmTableViewCell.swift; sourceTree = "<group>"; };
		40B85081203CB1A400C82126 /* AlarmTableViewCell.xib */ = {isa = PBXFileReference; lastKnownFileType = file.xib; path = AlarmTableViewCell.xib; sourceTree = "<group>"; };
		40B85083203CB5A000C82126 /* AlarmsListViewControllerProcessor.swift */ = {isa = PBXFileReference; lastKnownFileType = sourcecode.swift; path = AlarmsListViewControllerProcessor.swift; sourceTree = "<group>"; };
		40B85085203CBABE00C82126 /* AlarmsListViewControllerProcessorTests.swift */ = {isa = PBXFileReference; lastKnownFileType = sourcecode.swift; path = AlarmsListViewControllerProcessorTests.swift; sourceTree = "<group>"; };
		40B85089203CBE5C00C82126 /* CreateAlarmViewController.swift */ = {isa = PBXFileReference; lastKnownFileType = sourcecode.swift; path = CreateAlarmViewController.swift; sourceTree = "<group>"; };
		40B8508B203CBE6500C82126 /* CreateAlarmViewController.storyboard */ = {isa = PBXFileReference; lastKnownFileType = file.storyboard; path = CreateAlarmViewController.storyboard; sourceTree = "<group>"; };
		40B8508D203CBEFC00C82126 /* UIViewController+create.swift */ = {isa = PBXFileReference; fileEncoding = 4; lastKnownFileType = sourcecode.swift; path = "UIViewController+create.swift"; sourceTree = "<group>"; };
/* End PBXFileReference section */

/* Begin PBXFrameworksBuildPhase section */
		40B85047203CA2E400C82126 /* Frameworks */ = {
			isa = PBXFrameworksBuildPhase;
			buildActionMask = 2147483647;
			files = (
			);
			runOnlyForDeploymentPostprocessing = 0;
		};
		40B8505B203CA2E500C82126 /* Frameworks */ = {
			isa = PBXFrameworksBuildPhase;
			buildActionMask = 2147483647;
			files = (
			);
			runOnlyForDeploymentPostprocessing = 0;
		};
/* End PBXFrameworksBuildPhase section */

/* Begin PBXGroup section */
		40B85041203CA2E400C82126 = {
			isa = PBXGroup;
			children = (
				40B8504C203CA2E400C82126 /* AlarmApp */,
				40B85061203CA2E500C82126 /* AlarmAppTests */,
				40B8504B203CA2E400C82126 /* Products */,
			);
			sourceTree = "<group>";
		};
		40B8504B203CA2E400C82126 /* Products */ = {
			isa = PBXGroup;
			children = (
				40B8504A203CA2E400C82126 /* AlarmApp.app */,
				40B8505E203CA2E500C82126 /* AlarmAppTests.xctest */,
			);
			name = Products;
			sourceTree = "<group>";
		};
		40B8504C203CA2E400C82126 /* AlarmApp */ = {
			isa = PBXGroup;
			children = (
				40B8507E203CB18200C82126 /* Foundation */,
				40B8507C203CB16A00C82126 /* Extensions */,
				40B85079203CAAE500C82126 /* Data */,
				40B8507D203CB17800C82126 /* Interface */,
				40B8504D203CA2E400C82126 /* AppDelegate.swift */,
				40B85054203CA2E400C82126 /* Assets.xcassets */,
				40B85056203CA2E400C82126 /* LaunchScreen.storyboard */,
				40B85059203CA2E400C82126 /* Info.plist */,
			);
			path = AlarmApp;
			sourceTree = "<group>";
		};
		40B85061203CA2E500C82126 /* AlarmAppTests */ = {
			isa = PBXGroup;
			children = (
				40B85062203CA2E500C82126 /* HandshakeNetworkHelperTests.swift */,
				40B85085203CBABE00C82126 /* AlarmsListViewControllerProcessorTests.swift */,
				40B85064203CA2E500C82126 /* Info.plist */,
			);
			path = AlarmAppTests;
			sourceTree = "<group>";
		};
		40B85079203CAAE500C82126 /* Data */ = {
			isa = PBXGroup;
			children = (
				40B8506D203CA31200C82126 /* NetworkManager.swift */,
				40B85071203CA51900C82126 /* HandshakeNetworkHelper.swift */,
				40B8506F203CA33500C82126 /* HandshakeAlarmService.swift */,
				40B85077203CA85900C82126 /* HandshakeAlarmEncoder.swift */,
				40B85075203CA7D000C82126 /* HandshakeAlarmStructs.swift */,
			);
			path = Data;
			sourceTree = "<group>";
		};
		40B8507C203CB16A00C82126 /* Extensions */ = {
			isa = PBXGroup;
			children = (
				40B8508D203CBEFC00C82126 /* UIViewController+create.swift */,
				40B8507A203CB16600C82126 /* Collection+safe.swift */,
			);
			path = Extensions;
			sourceTree = "<group>";
		};
		40B8507D203CB17800C82126 /* Interface */ = {
			isa = PBXGroup;
			children = (
				40B85087203CBDC100C82126 /* AlarmList */,
				40B85088203CBE4000C82126 /* CreateAlarm */,
			);
			path = Interface;
			sourceTree = "<group>";
		};
		40B8507E203CB18200C82126 /* Foundation */ = {
			isa = PBXGroup;
			children = (
				40B85073203CA76A00C82126 /* Logger.swift */,
			);
			path = Foundation;
			sourceTree = "<group>";
		};
		40B85087203CBDC100C82126 /* AlarmList */ = {
			isa = PBXGroup;
			children = (
				40B85083203CB5A000C82126 /* AlarmsListViewControllerProcessor.swift */,
				40B8504F203CA2E400C82126 /* AlarmsListViewController.swift */,
				40B85051203CA2E400C82126 /* AlarmsListViewController.storyboard */,
				40B8507F203CB19C00C82126 /* AlarmTableViewCell.swift */,
				40B85081203CB1A400C82126 /* AlarmTableViewCell.xib */,
			);
			path = AlarmList;
			sourceTree = "<group>";
		};
		40B85088203CBE4000C82126 /* CreateAlarm */ = {
			isa = PBXGroup;
			children = (
				40B85089203CBE5C00C82126 /* CreateAlarmViewController.swift */,
				40B8508B203CBE6500C82126 /* CreateAlarmViewController.storyboard */,
			);
			path = CreateAlarm;
			sourceTree = "<group>";
		};
/* End PBXGroup section */

/* Begin PBXNativeTarget section */
		40B85049203CA2E400C82126 /* AlarmApp */ = {
			isa = PBXNativeTarget;
			buildConfigurationList = 40B85067203CA2E500C82126 /* Build configuration list for PBXNativeTarget "AlarmApp" */;
			buildPhases = (
				40B85046203CA2E400C82126 /* Sources */,
				40B85047203CA2E400C82126 /* Frameworks */,
				40B85048203CA2E400C82126 /* Resources */,
			);
			buildRules = (
			);
			dependencies = (
			);
			name = AlarmApp;
			productName = AlarmApp;
			productReference = 40B8504A203CA2E400C82126 /* AlarmApp.app */;
			productType = "com.apple.product-type.application";
		};
		40B8505D203CA2E500C82126 /* AlarmAppTests */ = {
			isa = PBXNativeTarget;
			buildConfigurationList = 40B8506A203CA2E500C82126 /* Build configuration list for PBXNativeTarget "AlarmAppTests" */;
			buildPhases = (
				40B8505A203CA2E500C82126 /* Sources */,
				40B8505B203CA2E500C82126 /* Frameworks */,
				40B8505C203CA2E500C82126 /* Resources */,
			);
			buildRules = (
			);
			dependencies = (
				40B85060203CA2E500C82126 /* PBXTargetDependency */,
			);
			name = AlarmAppTests;
			productName = AlarmAppTests;
			productReference = 40B8505E203CA2E500C82126 /* AlarmAppTests.xctest */;
			productType = "com.apple.product-type.bundle.unit-test";
		};
/* End PBXNativeTarget section */

/* Begin PBXProject section */
		40B85042203CA2E400C82126 /* Project object */ = {
			isa = PBXProject;
			attributes = {
				LastSwiftUpdateCheck = 0920;
				LastUpgradeCheck = 0920;
				ORGANIZATIONNAME = "Brice Pollock";
				TargetAttributes = {
					40B85049203CA2E400C82126 = {
						CreatedOnToolsVersion = 9.2;
						ProvisioningStyle = Automatic;
					};
					40B8505D203CA2E500C82126 = {
						CreatedOnToolsVersion = 9.2;
						ProvisioningStyle = Automatic;
						TestTargetID = 40B85049203CA2E400C82126;
					};
				};
			};
			buildConfigurationList = 40B85045203CA2E400C82126 /* Build configuration list for PBXProject "AlarmApp" */;
			compatibilityVersion = "Xcode 8.0";
			developmentRegion = en;
			hasScannedForEncodings = 0;
			knownRegions = (
				en,
				Base,
			);
			mainGroup = 40B85041203CA2E400C82126;
			productRefGroup = 40B8504B203CA2E400C82126 /* Products */;
			projectDirPath = "";
			projectRoot = "";
			targets = (
				40B85049203CA2E400C82126 /* AlarmApp */,
				40B8505D203CA2E500C82126 /* AlarmAppTests */,
			);
		};
/* End PBXProject section */

/* Begin PBXResourcesBuildPhase section */
		40B85048203CA2E400C82126 /* Resources */ = {
			isa = PBXResourcesBuildPhase;
			buildActionMask = 2147483647;
			files = (
				40B8508C203CBE6500C82126 /* CreateAlarmViewController.storyboard in Resources */,
				40B85058203CA2E400C82126 /* LaunchScreen.storyboard in Resources */,
				40B85055203CA2E400C82126 /* Assets.xcassets in Resources */,
				40B85053203CA2E400C82126 /* AlarmsListViewController.storyboard in Resources */,
				40B85082203CB1A400C82126 /* AlarmTableViewCell.xib in Resources */,
			);
			runOnlyForDeploymentPostprocessing = 0;
		};
		40B8505C203CA2E500C82126 /* Resources */ = {
			isa = PBXResourcesBuildPhase;
			buildActionMask = 2147483647;
			files = (
			);
			runOnlyForDeploymentPostprocessing = 0;
		};
/* End PBXResourcesBuildPhase section */

/* Begin PBXSourcesBuildPhase section */
		40B85046203CA2E400C82126 /* Sources */ = {
			isa = PBXSourcesBuildPhase;
			buildActionMask = 2147483647;
			files = (
				40B8506E203CA31200C82126 /* NetworkManager.swift in Sources */,
				40B85074203CA76A00C82126 /* Logger.swift in Sources */,
				40B85078203CA85900C82126 /* HandshakeAlarmEncoder.swift in Sources */,
				40B85072203CA51900C82126 /* HandshakeNetworkHelper.swift in Sources */,
				40B85076203CA7D000C82126 /* HandshakeAlarmStructs.swift in Sources */,
				40B85080203CB19C00C82126 /* AlarmTableViewCell.swift in Sources */,
				40B8508A203CBE5C00C82126 /* CreateAlarmViewController.swift in Sources */,
				40B85050203CA2E400C82126 /* AlarmsListViewController.swift in Sources */,
				40B85084203CB5A000C82126 /* AlarmsListViewControllerProcessor.swift in Sources */,
				40B8508E203CBEFC00C82126 /* UIViewController+create.swift in Sources */,
				40B8504E203CA2E400C82126 /* AppDelegate.swift in Sources */,
				40B8507B203CB16700C82126 /* Collection+safe.swift in Sources */,
				40B85070203CA33500C82126 /* HandshakeAlarmService.swift in Sources */,
			);
			runOnlyForDeploymentPostprocessing = 0;
		};
		40B8505A203CA2E500C82126 /* Sources */ = {
			isa = PBXSourcesBuildPhase;
			buildActionMask = 2147483647;
			files = (
				40B85063203CA2E500C82126 /* HandshakeNetworkHelperTests.swift in Sources */,
				40B85086203CBABE00C82126 /* AlarmsListViewControllerProcessorTests.swift in Sources */,
			);
			runOnlyForDeploymentPostprocessing = 0;
		};
/* End PBXSourcesBuildPhase section */

/* Begin PBXTargetDependency section */
		40B85060203CA2E500C82126 /* PBXTargetDependency */ = {
			isa = PBXTargetDependency;
			target = 40B85049203CA2E400C82126 /* AlarmApp */;
			targetProxy = 40B8505F203CA2E500C82126 /* PBXContainerItemProxy */;
		};
/* End PBXTargetDependency section */

/* Begin PBXVariantGroup section */
		40B85051203CA2E400C82126 /* AlarmsListViewController.storyboard */ = {
			isa = PBXVariantGroup;
			children = (
				40B85052203CA2E400C82126 /* Base */,
			);
			name = AlarmsListViewController.storyboard;
			sourceTree = "<group>";
		};
		40B85056203CA2E400C82126 /* LaunchScreen.storyboard */ = {
			isa = PBXVariantGroup;
			children = (
				40B85057203CA2E400C82126 /* Base */,
			);
			name = LaunchScreen.storyboard;
			sourceTree = "<group>";
		};
/* End PBXVariantGroup section */

/* Begin XCBuildConfiguration section */
		40B85065203CA2E500C82126 /* Debug */ = {
			isa = XCBuildConfiguration;
			buildSettings = {
				ALWAYS_SEARCH_USER_PATHS = NO;
				CLANG_ANALYZER_NONNULL = YES;
				CLANG_ANALYZER_NUMBER_OBJECT_CONVERSION = YES_AGGRESSIVE;
				CLANG_CXX_LANGUAGE_STANDARD = "gnu++14";
				CLANG_CXX_LIBRARY = "libc++";
				CLANG_ENABLE_MODULES = YES;
				CLANG_ENABLE_OBJC_ARC = YES;
				CLANG_WARN_BLOCK_CAPTURE_AUTORELEASING = YES;
				CLANG_WARN_BOOL_CONVERSION = YES;
				CLANG_WARN_COMMA = YES;
				CLANG_WARN_CONSTANT_CONVERSION = YES;
				CLANG_WARN_DIRECT_OBJC_ISA_USAGE = YES_ERROR;
				CLANG_WARN_DOCUMENTATION_COMMENTS = YES;
				CLANG_WARN_EMPTY_BODY = YES;
				CLANG_WARN_ENUM_CONVERSION = YES;
				CLANG_WARN_INFINITE_RECURSION = YES;
				CLANG_WARN_INT_CONVERSION = YES;
				CLANG_WARN_NON_LITERAL_NULL_CONVERSION = YES;
				CLANG_WARN_OBJC_LITERAL_CONVERSION = YES;
				CLANG_WARN_OBJC_ROOT_CLASS = YES_ERROR;
				CLANG_WARN_RANGE_LOOP_ANALYSIS = YES;
				CLANG_WARN_STRICT_PROTOTYPES = YES;
				CLANG_WARN_SUSPICIOUS_MOVE = YES;
				CLANG_WARN_UNGUARDED_AVAILABILITY = YES_AGGRESSIVE;
				CLANG_WARN_UNREACHABLE_CODE = YES;
				CLANG_WARN__DUPLICATE_METHOD_MATCH = YES;
				CODE_SIGN_IDENTITY = "iPhone Developer";
				COPY_PHASE_STRIP = NO;
				DEBUG_INFORMATION_FORMAT = dwarf;
				ENABLE_STRICT_OBJC_MSGSEND = YES;
				ENABLE_TESTABILITY = YES;
				GCC_C_LANGUAGE_STANDARD = gnu11;
				GCC_DYNAMIC_NO_PIC = NO;
				GCC_NO_COMMON_BLOCKS = YES;
				GCC_OPTIMIZATION_LEVEL = 0;
				GCC_PREPROCESSOR_DEFINITIONS = (
					"DEBUG=1",
					"$(inherited)",
				);
				GCC_WARN_64_TO_32_BIT_CONVERSION = YES;
				GCC_WARN_ABOUT_RETURN_TYPE = YES_ERROR;
				GCC_WARN_UNDECLARED_SELECTOR = YES;
				GCC_WARN_UNINITIALIZED_AUTOS = YES_AGGRESSIVE;
				GCC_WARN_UNUSED_FUNCTION = YES;
				GCC_WARN_UNUSED_VARIABLE = YES;
				IPHONEOS_DEPLOYMENT_TARGET = 11.2;
				MTL_ENABLE_DEBUG_INFO = YES;
				ONLY_ACTIVE_ARCH = YES;
				SDKROOT = iphoneos;
				SWIFT_ACTIVE_COMPILATION_CONDITIONS = DEBUG;
				SWIFT_OPTIMIZATION_LEVEL = "-Onone";
			};
			name = Debug;
		};
		40B85066203CA2E500C82126 /* Release */ = {
			isa = XCBuildConfiguration;
			buildSettings = {
				ALWAYS_SEARCH_USER_PATHS = NO;
				CLANG_ANALYZER_NONNULL = YES;
				CLANG_ANALYZER_NUMBER_OBJECT_CONVERSION = YES_AGGRESSIVE;
				CLANG_CXX_LANGUAGE_STANDARD = "gnu++14";
				CLANG_CXX_LIBRARY = "libc++";
				CLANG_ENABLE_MODULES = YES;
				CLANG_ENABLE_OBJC_ARC = YES;
				CLANG_WARN_BLOCK_CAPTURE_AUTORELEASING = YES;
				CLANG_WARN_BOOL_CONVERSION = YES;
				CLANG_WARN_COMMA = YES;
				CLANG_WARN_CONSTANT_CONVERSION = YES;
				CLANG_WARN_DIRECT_OBJC_ISA_USAGE = YES_ERROR;
				CLANG_WARN_DOCUMENTATION_COMMENTS = YES;
				CLANG_WARN_EMPTY_BODY = YES;
				CLANG_WARN_ENUM_CONVERSION = YES;
				CLANG_WARN_INFINITE_RECURSION = YES;
				CLANG_WARN_INT_CONVERSION = YES;
				CLANG_WARN_NON_LITERAL_NULL_CONVERSION = YES;
				CLANG_WARN_OBJC_LITERAL_CONVERSION = YES;
				CLANG_WARN_OBJC_ROOT_CLASS = YES_ERROR;
				CLANG_WARN_RANGE_LOOP_ANALYSIS = YES;
				CLANG_WARN_STRICT_PROTOTYPES = YES;
				CLANG_WARN_SUSPICIOUS_MOVE = YES;
				CLANG_WARN_UNGUARDED_AVAILABILITY = YES_AGGRESSIVE;
				CLANG_WARN_UNREACHABLE_CODE = YES;
				CLANG_WARN__DUPLICATE_METHOD_MATCH = YES;
				CODE_SIGN_IDENTITY = "iPhone Developer";
				COPY_PHASE_STRIP = NO;
				DEBUG_INFORMATION_FORMAT = "dwarf-with-dsym";
				ENABLE_NS_ASSERTIONS = NO;
				ENABLE_STRICT_OBJC_MSGSEND = YES;
				GCC_C_LANGUAGE_STANDARD = gnu11;
				GCC_NO_COMMON_BLOCKS = YES;
				GCC_WARN_64_TO_32_BIT_CONVERSION = YES;
				GCC_WARN_ABOUT_RETURN_TYPE = YES_ERROR;
				GCC_WARN_UNDECLARED_SELECTOR = YES;
				GCC_WARN_UNINITIALIZED_AUTOS = YES_AGGRESSIVE;
				GCC_WARN_UNUSED_FUNCTION = YES;
				GCC_WARN_UNUSED_VARIABLE = YES;
				IPHONEOS_DEPLOYMENT_TARGET = 11.2;
				MTL_ENABLE_DEBUG_INFO = NO;
				SDKROOT = iphoneos;
				SWIFT_OPTIMIZATION_LEVEL = "-Owholemodule";
				VALIDATE_PRODUCT = YES;
			};
			name = Release;
		};
		40B85068203CA2E500C82126 /* Debug */ = {
			isa = XCBuildConfiguration;
			buildSettings = {
				ASSETCATALOG_COMPILER_APPICON_NAME = AppIcon;
				CODE_SIGN_STYLE = Automatic;
				DEVELOPMENT_TEAM = 3E2X8PZ6MG;
				INFOPLIST_FILE = AlarmApp/Info.plist;
				LD_RUNPATH_SEARCH_PATHS = "$(inherited) @executable_path/Frameworks";
				PRODUCT_BUNDLE_IDENTIFIER = com.backcountry.nomad.AlarmApp;
				PRODUCT_NAME = "$(TARGET_NAME)";
				SWIFT_VERSION = 4.0;
				TARGETED_DEVICE_FAMILY = "1,2";
			};
			name = Debug;
		};
		40B85069203CA2E500C82126 /* Release */ = {
			isa = XCBuildConfiguration;
			buildSettings = {
				ASSETCATALOG_COMPILER_APPICON_NAME = AppIcon;
				CODE_SIGN_STYLE = Automatic;
				DEVELOPMENT_TEAM = 3E2X8PZ6MG;
				INFOPLIST_FILE = AlarmApp/Info.plist;
				LD_RUNPATH_SEARCH_PATHS = "$(inherited) @executable_path/Frameworks";
				PRODUCT_BUNDLE_IDENTIFIER = com.backcountry.nomad.AlarmApp;
				PRODUCT_NAME = "$(TARGET_NAME)";
				SWIFT_VERSION = 4.0;
				TARGETED_DEVICE_FAMILY = "1,2";
			};
			name = Release;
		};
		40B8506B203CA2E500C82126 /* Debug */ = {
			isa = XCBuildConfiguration;
			buildSettings = {
				ALWAYS_EMBED_SWIFT_STANDARD_LIBRARIES = YES;
				BUNDLE_LOADER = "$(TEST_HOST)";
				CODE_SIGN_STYLE = Automatic;
				DEVELOPMENT_TEAM = 3E2X8PZ6MG;
				INFOPLIST_FILE = AlarmAppTests/Info.plist;
				LD_RUNPATH_SEARCH_PATHS = "$(inherited) @executable_path/Frameworks @loader_path/Frameworks";
				PRODUCT_BUNDLE_IDENTIFIER = com.backcountry.nomad.AlarmAppTests;
				PRODUCT_NAME = "$(TARGET_NAME)";
				SWIFT_VERSION = 4.0;
				TARGETED_DEVICE_FAMILY = "1,2";
				TEST_HOST = "$(BUILT_PRODUCTS_DIR)/AlarmApp.app/AlarmApp";
			};
			name = Debug;
		};
		40B8506C203CA2E500C82126 /* Release */ = {
			isa = XCBuildConfiguration;
			buildSettings = {
				ALWAYS_EMBED_SWIFT_STANDARD_LIBRARIES = YES;
				BUNDLE_LOADER = "$(TEST_HOST)";
				CODE_SIGN_STYLE = Automatic;
				DEVELOPMENT_TEAM = 3E2X8PZ6MG;
				INFOPLIST_FILE = AlarmAppTests/Info.plist;
				LD_RUNPATH_SEARCH_PATHS = "$(inherited) @executable_path/Frameworks @loader_path/Frameworks";
				PRODUCT_BUNDLE_IDENTIFIER = com.backcountry.nomad.AlarmAppTests;
				PRODUCT_NAME = "$(TARGET_NAME)";
				SWIFT_VERSION = 4.0;
				TARGETED_DEVICE_FAMILY = "1,2";
				TEST_HOST = "$(BUILT_PRODUCTS_DIR)/AlarmApp.app/AlarmApp";
			};
			name = Release;
		};
/* End XCBuildConfiguration section */

/* Begin XCConfigurationList section */
		40B85045203CA2E400C82126 /* Build configuration list for PBXProject "AlarmApp" */ = {
			isa = XCConfigurationList;
			buildConfigurations = (
				40B85065203CA2E500C82126 /* Debug */,
				40B85066203CA2E500C82126 /* Release */,
			);
			defaultConfigurationIsVisible = 0;
			defaultConfigurationName = Release;
		};
		40B85067203CA2E500C82126 /* Build configuration list for PBXNativeTarget "AlarmApp" */ = {
			isa = XCConfigurationList;
			buildConfigurations = (
				40B85068203CA2E500C82126 /* Debug */,
				40B85069203CA2E500C82126 /* Release */,
			);
			defaultConfigurationIsVisible = 0;
			defaultConfigurationName = Release;
		};
		40B8506A203CA2E500C82126 /* Build configuration list for PBXNativeTarget "AlarmAppTests" */ = {
			isa = XCConfigurationList;
			buildConfigurations = (
				40B8506B203CA2E500C82126 /* Debug */,
				40B8506C203CA2E500C82126 /* Release */,
			);
			defaultConfigurationIsVisible = 0;
			defaultConfigurationName = Release;
		};
/* End XCConfigurationList section */
	};
	rootObject = 40B85042203CA2E400C82126 /* Project object */;
}
